
Microsoft Visual Studio Solution File, Format Version 12.00
# Visual Studio Version 17
VisualStudioVersion = 17.1.32414.318
MinimumVisualStudioVersion = 10.0.40219.1
Project("{9A19103F-16F7-4668-BE54-9A1E7A4F7556}") = "Blazr.Data", "Blazr.Data\Blazr.Data.csproj", "{EDCB6799-8A20-41C6-B8E0-6F0692B2341E}"
EndProject
Project("{2150E333-8FDC-42A3-9474-1A3956D46DE8}") = "Solution Items", "Solution Items", "{58393A48-25AE-481C-9E2F-AAC44617E017}"
	ProjectSection(SolutionItems) = preProject
		readme.md = readme.md
	EndProjectSection
EndProject
Global
	GlobalSection(SolutionConfigurationPlatforms) = preSolution
		Debug|Any CPU = Debug|Any CPU
		Release|Any CPU = Release|Any CPU
	EndGlobalSection
	GlobalSection(ProjectConfigurationPlatforms) = postSolution
		{EDCB6799-8A20-41C6-B8E0-6F0692B2341E}.Debug|Any CPU.ActiveCfg = Debug|Any CPU
		{EDCB6799-8A20-41C6-B8E0-6F0692B2341E}.Debug|Any CPU.Build.0 = Debug|Any CPU
		{EDCB6799-8A20-41C6-B8E0-6F0692B2341E}.Release|Any CPU.ActiveCfg = Release|Any CPU
		{EDCB6799-8A20-41C6-B8E0-6F0692B2341E}.Release|Any CPU.Build.0 = Release|Any CPU
	EndGlobalSection
	GlobalSection(SolutionProperties) = preSolution
		HideSolutionNode = FALSE
	EndGlobalSection
	GlobalSection(ExtensibilityGlobals) = postSolution
		SolutionGuid = {9E70AA61-2B65-43E2-9EA9-B8FF567826E3}
	EndGlobalSection
EndGlobal
